
Microsoft Visual Studio Solution File, Format Version 12.00
# Visual Studio Version 16
VisualStudioVersion = 16.0.810.17
MinimumVisualStudioVersion = 10.0.40219.1
Project("{FAE04EC0-301F-11D3-BF4B-00C04F79EFBC}") = "NewRelicAgentForXamarin", "NewRelicAgentForXamarin.csproj", "{00CC34D3-A026-4621-8A6B-E300BE0B1A2E}"
EndProject
Global
	GlobalSection(SolutionConfigurationPlatforms) = preSolution
		Debug|Any CPU = Debug|Any CPU
		Release|Any CPU = Release|Any CPU
	EndGlobalSection
	GlobalSection(ProjectConfigurationPlatforms) = postSolution
		{00CC34D3-A026-4621-8A6B-E300BE0B1A2E}.Debug|Any CPU.ActiveCfg = Debug|Any CPU
		{00CC34D3-A026-4621-8A6B-E300BE0B1A2E}.Debug|Any CPU.Build.0 = Debug|Any CPU
		{00CC34D3-A026-4621-8A6B-E300BE0B1A2E}.Release|Any CPU.ActiveCfg = Release|Any CPU
		{00CC34D3-A026-4621-8A6B-E300BE0B1A2E}.Release|Any CPU.Build.0 = Release|Any CPU
	EndGlobalSection
	GlobalSection(SolutionProperties) = preSolution
		HideSolutionNode = FALSE
	EndGlobalSection
	GlobalSection(ExtensibilityGlobals) = postSolution
		SolutionGuid = {31D07ECF-F6F3-4593-A53F-6FEF7B6829D8}
	EndGlobalSection
EndGlobal
